
Microsoft Visual Studio Solution File, Format Version 12.00
# Visual Studio Version 16
VisualStudioVersion = 16.0.30320.27
MinimumVisualStudioVersion = 10.0.40219.1
Project("{FAE04EC0-301F-11D3-BF4B-00C04F79EFBC}") = "tydz2lek4", "tydz2lek4\tydz2lek4.csproj", "{A5B6D4B8-510A-4546-AC36-A91DA0617CD4}"
EndProject
Global
	GlobalSection(SolutionConfigurationPlatforms) = preSolution
		Debug|Any CPU = Debug|Any CPU
		Release|Any CPU = Release|Any CPU
	EndGlobalSection
	GlobalSection(ProjectConfigurationPlatforms) = postSolution
		{A5B6D4B8-510A-4546-AC36-A91DA0617CD4}.Debug|Any CPU.ActiveCfg = Debug|Any CPU
		{A5B6D4B8-510A-4546-AC36-A91DA0617CD4}.Debug|Any CPU.Build.0 = Debug|Any CPU
		{A5B6D4B8-510A-4546-AC36-A91DA0617CD4}.Release|Any CPU.ActiveCfg = Release|Any CPU
		{A5B6D4B8-510A-4546-AC36-A91DA0617CD4}.Release|Any CPU.Build.0 = Release|Any CPU
	EndGlobalSection
	GlobalSection(SolutionProperties) = preSolution
		HideSolutionNode = FALSE
	EndGlobalSection
	GlobalSection(ExtensibilityGlobals) = postSolution
		SolutionGuid = {226AC8C2-95B0-40DD-808A-9E6B7FCCB5F7}
	EndGlobalSection
EndGlobal
